// !$*UTF8*$!
{
	archiveVersion = 1;
	classes = {
	};
	objectVersion = 56;
	objects = {

/* Begin PBXBuildFile section */
		5AD6406D2C2CA3A10063F25E /* AppDelegate.swift in Sources */ = {isa = PBXBuildFile; fileRef = 5AD6406C2C2CA3A10063F25E /* AppDelegate.swift */; };
		5AD6406F2C2CA4210063F25E /* SceneDelegate.swift in Sources */ = {isa = PBXBuildFile; fileRef = 5AD6406E2C2CA4210063F25E /* SceneDelegate.swift */; };
		5AD8B89C2C29FB1D00AC508A /* ViewController.swift in Sources */ = {isa = PBXBuildFile; fileRef = 5AD8B89B2C29FB1D00AC508A /* ViewController.swift */; };
		5AD8B89F2C29FB1D00AC508A /* Base in Resources */ = {isa = PBXBuildFile; fileRef = 5AD8B89E2C29FB1D00AC508A /* Base */; };
		5AD8B8A12C29FB2000AC508A /* Assets.xcassets in Resources */ = {isa = PBXBuildFile; fileRef = 5AD8B8A02C29FB2000AC508A /* Assets.xcassets */; };
		5AD8B8A42C29FB2000AC508A /* Base in Resources */ = {isa = PBXBuildFile; fileRef = 5AD8B8A32C29FB2000AC508A /* Base */; };
		5AD8B8AF2C29FB2000AC508A /* ParkingFinderTests.swift in Sources */ = {isa = PBXBuildFile; fileRef = 5AD8B8AE2C29FB2000AC508A /* ParkingFinderTests.swift */; };
		5AD8B8B92C29FB2000AC508A /* ParkingFinderUITests.swift in Sources */ = {isa = PBXBuildFile; fileRef = 5AD8B8B82C29FB2000AC508A /* ParkingFinderUITests.swift */; };
		5AD8B8BB2C29FB2000AC508A /* ParkingFinderUITestsLaunchTests.swift in Sources */ = {isa = PBXBuildFile; fileRef = 5AD8B8BA2C29FB2000AC508A /* ParkingFinderUITestsLaunchTests.swift */; };
/* End PBXBuildFile section */

/* Begin PBXContainerItemProxy section */
		5AD8B8AB2C29FB2000AC508A /* PBXContainerItemProxy */ = {
			isa = PBXContainerItemProxy;
			containerPortal = 5AD8B88C2C29FB1D00AC508A /* Project object */;
			proxyType = 1;
			remoteGlobalIDString = 5AD8B8932C29FB1D00AC508A;
			remoteInfo = ParkingFinder;
		};
		5AD8B8B52C29FB2000AC508A /* PBXContainerItemProxy */ = {
			isa = PBXContainerItemProxy;
			containerPortal = 5AD8B88C2C29FB1D00AC508A /* Project object */;
			proxyType = 1;
			remoteGlobalIDString = 5AD8B8932C29FB1D00AC508A;
			remoteInfo = ParkingFinder;
		};
/* End PBXContainerItemProxy section */

/* Begin PBXFileReference section */
		5AD6406C2C2CA3A10063F25E /* AppDelegate.swift */ = {isa = PBXFileReference; lastKnownFileType = sourcecode.swift; path = AppDelegate.swift; sourceTree = "<group>"; };
		5AD6406E2C2CA4210063F25E /* SceneDelegate.swift */ = {isa = PBXFileReference; lastKnownFileType = sourcecode.swift; path = SceneDelegate.swift; sourceTree = "<group>"; };
		5AD8B8942C29FB1D00AC508A /* ParkingFinder.app */ = {isa = PBXFileReference; explicitFileType = wrapper.application; includeInIndex = 0; path = ParkingFinder.app; sourceTree = BUILT_PRODUCTS_DIR; };
		5AD8B89B2C29FB1D00AC508A /* ViewController.swift */ = {isa = PBXFileReference; lastKnownFileType = sourcecode.swift; path = ViewController.swift; sourceTree = "<group>"; };
		5AD8B89E2C29FB1D00AC508A /* Base */ = {isa = PBXFileReference; lastKnownFileType = file.storyboard; name = Base; path = Base.lproj/Main.storyboard; sourceTree = "<group>"; };
		5AD8B8A02C29FB2000AC508A /* Assets.xcassets */ = {isa = PBXFileReference; lastKnownFileType = folder.assetcatalog; path = Assets.xcassets; sourceTree = "<group>"; };
		5AD8B8A32C29FB2000AC508A /* Base */ = {isa = PBXFileReference; lastKnownFileType = file.storyboard; name = Base; path = Base.lproj/LaunchScreen.storyboard; sourceTree = "<group>"; };
		5AD8B8A52C29FB2000AC508A /* Info.plist */ = {isa = PBXFileReference; lastKnownFileType = text.plist.xml; path = Info.plist; sourceTree = "<group>"; };
		5AD8B8AA2C29FB2000AC508A /* ParkingFinderTests.xctest */ = {isa = PBXFileReference; explicitFileType = wrapper.cfbundle; includeInIndex = 0; path = ParkingFinderTests.xctest; sourceTree = BUILT_PRODUCTS_DIR; };
		5AD8B8AE2C29FB2000AC508A /* ParkingFinderTests.swift */ = {isa = PBXFileReference; lastKnownFileType = sourcecode.swift; path = ParkingFinderTests.swift; sourceTree = "<group>"; };
		5AD8B8B42C29FB2000AC508A /* ParkingFinderUITests.xctest */ = {isa = PBXFileReference; explicitFileType = wrapper.cfbundle; includeInIndex = 0; path = ParkingFinderUITests.xctest; sourceTree = BUILT_PRODUCTS_DIR; };
		5AD8B8B82C29FB2000AC508A /* ParkingFinderUITests.swift */ = {isa = PBXFileReference; lastKnownFileType = sourcecode.swift; path = ParkingFinderUITests.swift; sourceTree = "<group>"; };
		5AD8B8BA2C29FB2000AC508A /* ParkingFinderUITestsLaunchTests.swift */ = {isa = PBXFileReference; lastKnownFileType = sourcecode.swift; path = ParkingFinderUITestsLaunchTests.swift; sourceTree = "<group>"; };
/* End PBXFileReference section */

/* Begin PBXFrameworksBuildPhase section */
		5AD8B8912C29FB1D00AC508A /* Frameworks */ = {
			isa = PBXFrameworksBuildPhase;
			buildActionMask = 2147483647;
			files = (
			);
			runOnlyForDeploymentPostprocessing = 0;
		};
		5AD8B8A72C29FB2000AC508A /* Frameworks */ = {
			isa = PBXFrameworksBuildPhase;
			buildActionMask = 2147483647;
			files = (
			);
			runOnlyForDeploymentPostprocessing = 0;
		};
		5AD8B8B12C29FB2000AC508A /* Frameworks */ = {
			isa = PBXFrameworksBuildPhase;
			buildActionMask = 2147483647;
			files = (
			);
			runOnlyForDeploymentPostprocessing = 0;
		};
/* End PBXFrameworksBuildPhase section */

/* Begin PBXGroup section */
		5AD8B88B2C29FB1D00AC508A = {
			isa = PBXGroup;
			children = (
				5AD8B8962C29FB1D00AC508A /* ParkingFinder */,
				5AD8B8AD2C29FB2000AC508A /* ParkingFinderTests */,
				5AD8B8B72C29FB2000AC508A /* ParkingFinderUITests */,
				5AD8B8952C29FB1D00AC508A /* Products */,
			);
			sourceTree = "<group>";
		};
		5AD8B8952C29FB1D00AC508A /* Products */ = {
			isa = PBXGroup;
			children = (
				5AD8B8942C29FB1D00AC508A /* ParkingFinder.app */,
				5AD8B8AA2C29FB2000AC508A /* ParkingFinderTests.xctest */,
				5AD8B8B42C29FB2000AC508A /* ParkingFinderUITests.xctest */,
			);
			name = Products;
			sourceTree = "<group>";
		};
		5AD8B8962C29FB1D00AC508A /* ParkingFinder */ = {
			isa = PBXGroup;
			children = (
				5AD8B89B2C29FB1D00AC508A /* ViewController.swift */,
				5AD6406C2C2CA3A10063F25E /* AppDelegate.swift */,
				5AD8B89D2C29FB1D00AC508A /* Main.storyboard */,
				5AD6406E2C2CA4210063F25E /* SceneDelegate.swift */,
				5AD8B8A02C29FB2000AC508A /* Assets.xcassets */,
				5AD8B8A22C29FB2000AC508A /* LaunchScreen.storyboard */,
				5AD8B8A52C29FB2000AC508A /* Info.plist */,
			);
			path = ParkingFinder;
			sourceTree = "<group>";
		};
		5AD8B8AD2C29FB2000AC508A /* ParkingFinderTests */ = {
			isa = PBXGroup;
			children = (
				5AD8B8AE2C29FB2000AC508A /* ParkingFinderTests.swift */,
			);
			path = ParkingFinderTests;
			sourceTree = "<group>";
		};
		5AD8B8B72C29FB2000AC508A /* ParkingFinderUITests */ = {
			isa = PBXGroup;
			children = (
				5AD8B8B82C29FB2000AC508A /* ParkingFinderUITests.swift */,
				5AD8B8BA2C29FB2000AC508A /* ParkingFinderUITestsLaunchTests.swift */,
			);
			path = ParkingFinderUITests;
			sourceTree = "<group>";
		};
/* End PBXGroup section */

/* Begin PBXNativeTarget section */
		5AD8B8932C29FB1D00AC508A /* ParkingFinder */ = {
			isa = PBXNativeTarget;
			buildConfigurationList = 5AD8B8BE2C29FB2000AC508A /* Build configuration list for PBXNativeTarget "ParkingFinder" */;
			buildPhases = (
				5AD8B8902C29FB1D00AC508A /* Sources */,
				5AD8B8912C29FB1D00AC508A /* Frameworks */,
				5AD8B8922C29FB1D00AC508A /* Resources */,
			);
			buildRules = (
			);
			dependencies = (
			);
			name = ParkingFinder;
			productName = ParkingFinder;
			productReference = 5AD8B8942C29FB1D00AC508A /* ParkingFinder.app */;
			productType = "com.apple.product-type.application";
		};
		5AD8B8A92C29FB2000AC508A /* ParkingFinderTests */ = {
			isa = PBXNativeTarget;
			buildConfigurationList = 5AD8B8C12C29FB2000AC508A /* Build configuration list for PBXNativeTarget "ParkingFinderTests" */;
			buildPhases = (
				5AD8B8A62C29FB2000AC508A /* Sources */,
				5AD8B8A72C29FB2000AC508A /* Frameworks */,
				5AD8B8A82C29FB2000AC508A /* Resources */,
			);
			buildRules = (
			);
			dependencies = (
				5AD8B8AC2C29FB2000AC508A /* PBXTargetDependency */,
			);
			name = ParkingFinderTests;
			productName = ParkingFinderTests;
			productReference = 5AD8B8AA2C29FB2000AC508A /* ParkingFinderTests.xctest */;
			productType = "com.apple.product-type.bundle.unit-test";
		};
		5AD8B8B32C29FB2000AC508A /* ParkingFinderUITests */ = {
			isa = PBXNativeTarget;
			buildConfigurationList = 5AD8B8C42C29FB2000AC508A /* Build configuration list for PBXNativeTarget "ParkingFinderUITests" */;
			buildPhases = (
				5AD8B8B02C29FB2000AC508A /* Sources */,
				5AD8B8B12C29FB2000AC508A /* Frameworks */,
				5AD8B8B22C29FB2000AC508A /* Resources */,
			);
			buildRules = (
			);
			dependencies = (
				5AD8B8B62C29FB2000AC508A /* PBXTargetDependency */,
			);
			name = ParkingFinderUITests;
			productName = ParkingFinderUITests;
			productReference = 5AD8B8B42C29FB2000AC508A /* ParkingFinderUITests.xctest */;
			productType = "com.apple.product-type.bundle.ui-testing";
		};
/* End PBXNativeTarget section */

/* Begin PBXProject section */
		5AD8B88C2C29FB1D00AC508A /* Project object */ = {
			isa = PBXProject;
			attributes = {
				BuildIndependentTargetsInParallel = 1;
				LastSwiftUpdateCheck = 1540;
				LastUpgradeCheck = 1540;
				TargetAttributes = {
					5AD8B8932C29FB1D00AC508A = {
						CreatedOnToolsVersion = 15.4;
					};
					5AD8B8A92C29FB2000AC508A = {
						CreatedOnToolsVersion = 15.4;
						TestTargetID = 5AD8B8932C29FB1D00AC508A;
					};
					5AD8B8B32C29FB2000AC508A = {
						CreatedOnToolsVersion = 15.4;
						TestTargetID = 5AD8B8932C29FB1D00AC508A;
					};
				};
			};
			buildConfigurationList = 5AD8B88F2C29FB1D00AC508A /* Build configuration list for PBXProject "ParkingFinder" */;
			compatibilityVersion = "Xcode 14.0";
			developmentRegion = en;
			hasScannedForEncodings = 0;
			knownRegions = (
				en,
				Base,
			);
			mainGroup = 5AD8B88B2C29FB1D00AC508A;
			productRefGroup = 5AD8B8952C29FB1D00AC508A /* Products */;
			projectDirPath = "";
			projectRoot = "";
			targets = (
				5AD8B8932C29FB1D00AC508A /* ParkingFinder */,
				5AD8B8A92C29FB2000AC508A /* ParkingFinderTests */,
				5AD8B8B32C29FB2000AC508A /* ParkingFinderUITests */,
			);
		};
/* End PBXProject section */

/* Begin PBXResourcesBuildPhase section */
		5AD8B8922C29FB1D00AC508A /* Resources */ = {
			isa = PBXResourcesBuildPhase;
			buildActionMask = 2147483647;
			files = (
				5AD8B8A12C29FB2000AC508A /* Assets.xcassets in Resources */,
				5AD8B8A42C29FB2000AC508A /* Base in Resources */,
				5AD8B89F2C29FB1D00AC508A /* Base in Resources */,
			);
			runOnlyForDeploymentPostprocessing = 0;
		};
		5AD8B8A82C29FB2000AC508A /* Resources */ = {
			isa = PBXResourcesBuildPhase;
			buildActionMask = 2147483647;
			files = (
			);
			runOnlyForDeploymentPostprocessing = 0;
		};
		5AD8B8B22C29FB2000AC508A /* Resources */ = {
			isa = PBXResourcesBuildPhase;
			buildActionMask = 2147483647;
			files = (
			);
			runOnlyForDeploymentPostprocessing = 0;
		};
/* End PBXResourcesBuildPhase section */

/* Begin PBXSourcesBuildPhase section */
		5AD8B8902C29FB1D00AC508A /* Sources */ = {
			isa = PBXSourcesBuildPhase;
			buildActionMask = 2147483647;
			files = (
				5AD6406D2C2CA3A10063F25E /* AppDelegate.swift in Sources */,
				5AD8B89C2C29FB1D00AC508A /* ViewController.swift in Sources */,
				5AD6406F2C2CA4210063F25E /* SceneDelegate.swift in Sources */,
			);
			runOnlyForDeploymentPostprocessing = 0;
		};
		5AD8B8A62C29FB2000AC508A /* Sources */ = {
			isa = PBXSourcesBuildPhase;
			buildActionMask = 2147483647;
			files = (
				5AD8B8AF2C29FB2000AC508A /* ParkingFinderTests.swift in Sources */,
			);
			runOnlyForDeploymentPostprocessing = 0;
		};
		5AD8B8B02C29FB2000AC508A /* Sources */ = {
			isa = PBXSourcesBuildPhase;
			buildActionMask = 2147483647;
			files = (
				5AD8B8B92C29FB2000AC508A /* ParkingFinderUITests.swift in Sources */,
				5AD8B8BB2C29FB2000AC508A /* ParkingFinderUITestsLaunchTests.swift in Sources */,
			);
			runOnlyForDeploymentPostprocessing = 0;
		};
/* End PBXSourcesBuildPhase section */

/* Begin PBXTargetDependency section */
		5AD8B8AC2C29FB2000AC508A /* PBXTargetDependency */ = {
			isa = PBXTargetDependency;
			target = 5AD8B8932C29FB1D00AC508A /* ParkingFinder */;
			targetProxy = 5AD8B8AB2C29FB2000AC508A /* PBXContainerItemProxy */;
		};
		5AD8B8B62C29FB2000AC508A /* PBXTargetDependency */ = {
			isa = PBXTargetDependency;
			target = 5AD8B8932C29FB1D00AC508A /* ParkingFinder */;
			targetProxy = 5AD8B8B52C29FB2000AC508A /* PBXContainerItemProxy */;
		};
/* End PBXTargetDependency section */

/* Begin PBXVariantGroup section */
		5AD8B89D2C29FB1D00AC508A /* Main.storyboard */ = {
			isa = PBXVariantGroup;
			children = (
				5AD8B89E2C29FB1D00AC508A /* Base */,
			);
			name = Main.storyboard;
			sourceTree = "<group>";
		};
		5AD8B8A22C29FB2000AC508A /* LaunchScreen.storyboard */ = {
			isa = PBXVariantGroup;
			children = (
				5AD8B8A32C29FB2000AC508A /* Base */,
			);
			name = LaunchScreen.storyboard;
			sourceTree = "<group>";
		};
/* End PBXVariantGroup section */

/* Begin XCBuildConfiguration section */
		5AD8B8BC2C29FB2000AC508A /* Debug */ = {
			isa = XCBuildConfiguration;
			buildSettings = {
				ALWAYS_SEARCH_USER_PATHS = NO;
				ASSETCATALOG_COMPILER_GENERATE_SWIFT_ASSET_SYMBOL_EXTENSIONS = YES;
				CLANG_ANALYZER_NONNULL = YES;
				CLANG_ANALYZER_NUMBER_OBJECT_CONVERSION = YES_AGGRESSIVE;
				CLANG_CXX_LANGUAGE_STANDARD = "gnu++20";
				CLANG_ENABLE_MODULES = YES;
				CLANG_ENABLE_OBJC_ARC = YES;
				CLANG_ENABLE_OBJC_WEAK = YES;
				CLANG_WARN_BLOCK_CAPTURE_AUTORELEASING = YES;
				CLANG_WARN_BOOL_CONVERSION = YES;
				CLANG_WARN_COMMA = YES;
				CLANG_WARN_CONSTANT_CONVERSION = YES;
				CLANG_WARN_DEPRECATED_OBJC_IMPLEMENTATIONS = YES;
				CLANG_WARN_DIRECT_OBJC_ISA_USAGE = YES_ERROR;
				CLANG_WARN_DOCUMENTATION_COMMENTS = YES;
				CLANG_WARN_EMPTY_BODY = YES;
				CLANG_WARN_ENUM_CONVERSION = YES;
				CLANG_WARN_INFINITE_RECURSION = YES;
				CLANG_WARN_INT_CONVERSION = YES;
				CLANG_WARN_NON_LITERAL_NULL_CONVERSION = YES;
				CLANG_WARN_OBJC_IMPLICIT_RETAIN_SELF = YES;
				CLANG_WARN_OBJC_LITERAL_CONVERSION = YES;
				CLANG_WARN_OBJC_ROOT_CLASS = YES_ERROR;
				CLANG_WARN_QUOTED_INCLUDE_IN_FRAMEWORK_HEADER = YES;
				CLANG_WARN_RANGE_LOOP_ANALYSIS = YES;
				CLANG_WARN_STRICT_PROTOTYPES = YES;
				CLANG_WARN_SUSPICIOUS_MOVE = YES;
				CLANG_WARN_UNGUARDED_AVAILABILITY = YES_AGGRESSIVE;
				CLANG_WARN_UNREACHABLE_CODE = YES;
				CLANG_WARN__DUPLICATE_METHOD_MATCH = YES;
				COPY_PHASE_STRIP = NO;
				DEBUG_INFORMATION_FORMAT = dwarf;
				ENABLE_STRICT_OBJC_MSGSEND = YES;
				ENABLE_TESTABILITY = YES;
				ENABLE_USER_SCRIPT_SANDBOXING = YES;
				GCC_C_LANGUAGE_STANDARD = gnu17;
				GCC_DYNAMIC_NO_PIC = NO;
				GCC_NO_COMMON_BLOCKS = YES;
				GCC_OPTIMIZATION_LEVEL = 0;
				GCC_PREPROCESSOR_DEFINITIONS = (
					"DEBUG=1",
					"$(inherited)",
				);
				GCC_WARN_64_TO_32_BIT_CONVERSION = YES;
				GCC_WARN_ABOUT_RETURN_TYPE = YES_ERROR;
				GCC_WARN_UNDECLARED_SELECTOR = YES;
				GCC_WARN_UNINITIALIZED_AUTOS = YES_AGGRESSIVE;
				GCC_WARN_UNUSED_FUNCTION = YES;
				GCC_WARN_UNUSED_VARIABLE = YES;
				IPHONEOS_DEPLOYMENT_TARGET = 17.5;
				LOCALIZATION_PREFERS_STRING_CATALOGS = YES;
				MTL_ENABLE_DEBUG_INFO = INCLUDE_SOURCE;
				MTL_FAST_MATH = YES;
				ONLY_ACTIVE_ARCH = YES;
				SDKROOT = iphoneos;
				SWIFT_ACTIVE_COMPILATION_CONDITIONS = "DEBUG $(inherited)";
				SWIFT_OPTIMIZATION_LEVEL = "-Onone";
			};
			name = Debug;
		};
		5AD8B8BD2C29FB2000AC508A /* Release */ = {
			isa = XCBuildConfiguration;
			buildSettings = {
				ALWAYS_SEARCH_USER_PATHS = NO;
				ASSETCATALOG_COMPILER_GENERATE_SWIFT_ASSET_SYMBOL_EXTENSIONS = YES;
				CLANG_ANALYZER_NONNULL = YES;
				CLANG_ANALYZER_NUMBER_OBJECT_CONVERSION = YES_AGGRESSIVE;
				CLANG_CXX_LANGUAGE_STANDARD = "gnu++20";
				CLANG_ENABLE_MODULES = YES;
				CLANG_ENABLE_OBJC_ARC = YES;
				CLANG_ENABLE_OBJC_WEAK = YES;
				CLANG_WARN_BLOCK_CAPTURE_AUTORELEASING = YES;
				CLANG_WARN_BOOL_CONVERSION = YES;
				CLANG_WARN_COMMA = YES;
				CLANG_WARN_CONSTANT_CONVERSION = YES;
				CLANG_WARN_DEPRECATED_OBJC_IMPLEMENTATIONS = YES;
				CLANG_WARN_DIRECT_OBJC_ISA_USAGE = YES_ERROR;
				CLANG_WARN_DOCUMENTATION_COMMENTS = YES;
				CLANG_WARN_EMPTY_BODY = YES;
				CLANG_WARN_ENUM_CONVERSION = YES;
				CLANG_WARN_INFINITE_RECURSION = YES;
				CLANG_WARN_INT_CONVERSION = YES;
				CLANG_WARN_NON_LITERAL_NULL_CONVERSION = YES;
				CLANG_WARN_OBJC_IMPLICIT_RETAIN_SELF = YES;
				CLANG_WARN_OBJC_LITERAL_CONVERSION = YES;
				CLANG_WARN_OBJC_ROOT_CLASS = YES_ERROR;
				CLANG_WARN_QUOTED_INCLUDE_IN_FRAMEWORK_HEADER = YES;
				CLANG_WARN_RANGE_LOOP_ANALYSIS = YES;
				CLANG_WARN_STRICT_PROTOTYPES = YES;
				CLANG_WARN_SUSPICIOUS_MOVE = YES;
				CLANG_WARN_UNGUARDED_AVAILABILITY = YES_AGGRESSIVE;
				CLANG_WARN_UNREACHABLE_CODE = YES;
				CLANG_WARN__DUPLICATE_METHOD_MATCH = YES;
				COPY_PHASE_STRIP = NO;
				DEBUG_INFORMATION_FORMAT = "dwarf-with-dsym";
				ENABLE_NS_ASSERTIONS = NO;
				ENABLE_STRICT_OBJC_MSGSEND = YES;
				ENABLE_USER_SCRIPT_SANDBOXING = YES;
				GCC_C_LANGUAGE_STANDARD = gnu17;
				GCC_NO_COMMON_BLOCKS = YES;
				GCC_WARN_64_TO_32_BIT_CONVERSION = YES;
				GCC_WARN_ABOUT_RETURN_TYPE = YES_ERROR;
				GCC_WARN_UNDECLARED_SELECTOR = YES;
				GCC_WARN_UNINITIALIZED_AUTOS = YES_AGGRESSIVE;
				GCC_WARN_UNUSED_FUNCTION = YES;
				GCC_WARN_UNUSED_VARIABLE = YES;
				IPHONEOS_DEPLOYMENT_TARGET = 17.5;
				LOCALIZATION_PREFERS_STRING_CATALOGS = YES;
				MTL_ENABLE_DEBUG_INFO = NO;
				MTL_FAST_MATH = YES;
				SDKROOT = iphoneos;
				SWIFT_COMPILATION_MODE = wholemodule;
				VALIDATE_PRODUCT = YES;
			};
			name = Release;
		};
		5AD8B8BF2C29FB2000AC508A /* Debug */ = {
			isa = XCBuildConfiguration;
			buildSettings = {
				ASSETCATALOG_COMPILER_APPICON_NAME = AppIcon;
				ASSETCATALOG_COMPILER_GLOBAL_ACCENT_COLOR_NAME = AccentColor;
				CODE_SIGN_STYLE = Automatic;
				CURRENT_PROJECT_VERSION = 1;
				DEVELOPMENT_TEAM = 37W42L54QT;
				GENERATE_INFOPLIST_FILE = YES;
				INFOPLIST_FILE = ParkingFinder/Info.plist;
				INFOPLIST_KEY_UIApplicationSupportsIndirectInputEvents = YES;
				INFOPLIST_KEY_UILaunchStoryboardName = LaunchScreen;
				INFOPLIST_KEY_UIMainStoryboardFile = Main;
				INFOPLIST_KEY_UISupportedInterfaceOrientations_iPad = "UIInterfaceOrientationPortrait UIInterfaceOrientationPortraitUpsideDown UIInterfaceOrientationLandscapeLeft UIInterfaceOrientationLandscapeRight";
				INFOPLIST_KEY_UISupportedInterfaceOrientations_iPhone = "UIInterfaceOrientationPortrait UIInterfaceOrientationLandscapeLeft UIInterfaceOrientationLandscapeRight";
				LD_RUNPATH_SEARCH_PATHS = (
					"$(inherited)",
					"@executable_path/Frameworks",
				);
				MARKETING_VERSION = 1.0;
				PRODUCT_BUNDLE_IDENTIFIER = com.example.ParkingFinder;
				PRODUCT_NAME = "$(TARGET_NAME)";
				SWIFT_EMIT_LOC_STRINGS = YES;
				SWIFT_VERSION = 5.0;
				TARGETED_DEVICE_FAMILY = "1,2";
			};
			name = Debug;
		};
		5AD8B8C02C29FB2000AC508A /* Release */ = {
			isa = XCBuildConfiguration;
			buildSettings = {
				ASSETCATALOG_COMPILER_APPICON_NAME = AppIcon;
				ASSETCATALOG_COMPILER_GLOBAL_ACCENT_COLOR_NAME = AccentColor;
				CODE_SIGN_STYLE = Automatic;
				CURRENT_PROJECT_VERSION = 1;
				DEVELOPMENT_TEAM = 37W42L54QT;
				GENERATE_INFOPLIST_FILE = YES;
				INFOPLIST_FILE = ParkingFinder/Info.plist;
				INFOPLIST_KEY_UIApplicationSupportsIndirectInputEvents = YES;
				INFOPLIST_KEY_UILaunchStoryboardName = LaunchScreen;
				INFOPLIST_KEY_UIMainStoryboardFile = Main;
				INFOPLIST_KEY_UISupportedInterfaceOrientations_iPad = "UIInterfaceOrientationPortrait UIInterfaceOrientationPortraitUpsideDown UIInterfaceOrientationLandscapeLeft UIInterfaceOrientationLandscapeRight";
				INFOPLIST_KEY_UISupportedInterfaceOrientations_iPhone = "UIInterfaceOrientationPortrait UIInterfaceOrientationLandscapeLeft UIInterfaceOrientationLandscapeRight";
				LD_RUNPATH_SEARCH_PATHS = (
					"$(inherited)",
					"@executable_path/Frameworks",
				);
				MARKETING_VERSION = 1.0;
				PRODUCT_BUNDLE_IDENTIFIER = com.example.ParkingFinder;
				PRODUCT_NAME = "$(TARGET_NAME)";
				SWIFT_EMIT_LOC_STRINGS = YES;
				SWIFT_VERSION = 5.0;
				TARGETED_DEVICE_FAMILY = "1,2";
			};
			name = Release;
		};
		5AD8B8C22C29FB2000AC508A /* Debug */ = {
			isa = XCBuildConfiguration;
			buildSettings = {
				ALWAYS_EMBED_SWIFT_STANDARD_LIBRARIES = YES;
				BUNDLE_LOADER = "$(TEST_HOST)";
				CODE_SIGN_STYLE = Automatic;
				CURRENT_PROJECT_VERSION = 1;
				DEVELOPMENT_TEAM = 37W42L54QT;
				GENERATE_INFOPLIST_FILE = YES;
				IPHONEOS_DEPLOYMENT_TARGET = 17.5;
				MARKETING_VERSION = 1.0;
				PRODUCT_BUNDLE_IDENTIFIER = com.example.ParkingFinderTests;
				PRODUCT_NAME = "$(TARGET_NAME)";
				SWIFT_EMIT_LOC_STRINGS = NO;
				SWIFT_VERSION = 5.0;
				TARGETED_DEVICE_FAMILY = "1,2";
				TEST_HOST = "$(BUILT_PRODUCTS_DIR)/ParkingFinder.app/$(BUNDLE_EXECUTABLE_FOLDER_PATH)/ParkingFinder";
			};
			name = Debug;
		};
		5AD8B8C32C29FB2000AC508A /* Release */ = {
			isa = XCBuildConfiguration;
			buildSettings = {
				ALWAYS_EMBED_SWIFT_STANDARD_LIBRARIES = YES;
				BUNDLE_LOADER = "$(TEST_HOST)";
				CODE_SIGN_STYLE = Automatic;
				CURRENT_PROJECT_VERSION = 1;
				DEVELOPMENT_TEAM = 37W42L54QT;
				GENERATE_INFOPLIST_FILE = YES;
				IPHONEOS_DEPLOYMENT_TARGET = 17.5;
				MARKETING_VERSION = 1.0;
				PRODUCT_BUNDLE_IDENTIFIER = com.example.ParkingFinderTests;
				PRODUCT_NAME = "$(TARGET_NAME)";
				SWIFT_EMIT_LOC_STRINGS = NO;
				SWIFT_VERSION = 5.0;
				TARGETED_DEVICE_FAMILY = "1,2";
				TEST_HOST = "$(BUILT_PRODUCTS_DIR)/ParkingFinder.app/$(BUNDLE_EXECUTABLE_FOLDER_PATH)/ParkingFinder";
			};
			name = Release;
		};
		5AD8B8C52C29FB2000AC508A /* Debug */ = {
			isa = XCBuildConfiguration;
			buildSettings = {
				ALWAYS_EMBED_SWIFT_STANDARD_LIBRARIES = YES;
				CODE_SIGN_STYLE = Automatic;
				CURRENT_PROJECT_VERSION = 1;
				DEVELOPMENT_TEAM = 37W42L54QT;
				GENERATE_INFOPLIST_FILE = YES;
				MARKETING_VERSION = 1.0;
				PRODUCT_BUNDLE_IDENTIFIER = com.example.ParkingFinderUITests;
				PRODUCT_NAME = "$(TARGET_NAME)";
				SWIFT_EMIT_LOC_STRINGS = NO;
				SWIFT_VERSION = 5.0;
				TARGETED_DEVICE_FAMILY = "1,2";
				TEST_TARGET_NAME = ParkingFinder;
			};
			name = Debug;
		};
		5AD8B8C62C29FB2000AC508A /* Release */ = {
			isa = XCBuildConfiguration;
			buildSettings = {
				ALWAYS_EMBED_SWIFT_STANDARD_LIBRARIES = YES;
				CODE_SIGN_STYLE = Automatic;
				CURRENT_PROJECT_VERSION = 1;
				DEVELOPMENT_TEAM = 37W42L54QT;
				GENERATE_INFOPLIST_FILE = YES;
				MARKETING_VERSION = 1.0;
				PRODUCT_BUNDLE_IDENTIFIER = com.example.ParkingFinderUITests;
				PRODUCT_NAME = "$(TARGET_NAME)";
				SWIFT_EMIT_LOC_STRINGS = NO;
				SWIFT_VERSION = 5.0;
				TARGETED_DEVICE_FAMILY = "1,2";
				TEST_TARGET_NAME = ParkingFinder;
			};
			name = Release;
		};
/* End XCBuildConfiguration section */

/* Begin XCConfigurationList section */
		5AD8B88F2C29FB1D00AC508A /* Build configuration list for PBXProject "ParkingFinder" */ = {
			isa = XCConfigurationList;
			buildConfigurations = (
				5AD8B8BC2C29FB2000AC508A /* Debug */,
				5AD8B8BD2C29FB2000AC508A /* Release */,
			);
			defaultConfigurationIsVisible = 0;
			defaultConfigurationName = Release;
		};
		5AD8B8BE2C29FB2000AC508A /* Build configuration list for PBXNativeTarget "ParkingFinder" */ = {
			isa = XCConfigurationList;
			buildConfigurations = (
				5AD8B8BF2C29FB2000AC508A /* Debug */,
				5AD8B8C02C29FB2000AC508A /* Release */,
			);
			defaultConfigurationIsVisible = 0;
			defaultConfigurationName = Release;
		};
		5AD8B8C12C29FB2000AC508A /* Build configuration list for PBXNativeTarget "ParkingFinderTests" */ = {
			isa = XCConfigurationList;
			buildConfigurations = (
				5AD8B8C22C29FB2000AC508A /* Debug */,
				5AD8B8C32C29FB2000AC508A /* Release */,
			);
			defaultConfigurationIsVisible = 0;
			defaultConfigurationName = Release;
		};
		5AD8B8C42C29FB2000AC508A /* Build configuration list for PBXNativeTarget "ParkingFinderUITests" */ = {
			isa = XCConfigurationList;
			buildConfigurations = (
				5AD8B8C52C29FB2000AC508A /* Debug */,
				5AD8B8C62C29FB2000AC508A /* Release */,
			);
			defaultConfigurationIsVisible = 0;
			defaultConfigurationName = Release;
		};
/* End XCConfigurationList section */
	};
	rootObject = 5AD8B88C2C29FB1D00AC508A /* Project object */;
}
